
Microsoft Visual Studio Solution File, Format Version 12.00
# Visual Studio Version 17
VisualStudioVersion = 17.4.33213.308
MinimumVisualStudioVersion = 10.0.40219.1
Project("{FAE04EC0-301F-11D3-BF4B-00C04F79EFBC}") = "ToDoListApp", "ToDoListApp\ToDoListApp.csproj", "{A8E9CBCE-680C-4869-9FB4-3A1C50E9DEAA}"
EndProject
Project("{FAE04EC0-301F-11D3-BF4B-00C04F79EFBC}") = "ToDoListTests", "ToDoListTests\ToDoListTests.csproj", "{1F1E57C2-0547-4146-A83A-27870473595B}"
EndProject
Global
	GlobalSection(SolutionConfigurationPlatforms) = preSolution
		Debug|Any CPU = Debug|Any CPU
		Release|Any CPU = Release|Any CPU
	EndGlobalSection
	GlobalSection(ProjectConfigurationPlatforms) = postSolution
		{A8E9CBCE-680C-4869-9FB4-3A1C50E9DEAA}.Debug|Any CPU.ActiveCfg = Debug|Any CPU
		{A8E9CBCE-680C-4869-9FB4-3A1C50E9DEAA}.Debug|Any CPU.Build.0 = Debug|Any CPU
		{A8E9CBCE-680C-4869-9FB4-3A1C50E9DEAA}.Release|Any CPU.ActiveCfg = Release|Any CPU
		{A8E9CBCE-680C-4869-9FB4-3A1C50E9DEAA}.Release|Any CPU.Build.0 = Release|Any CPU
		{1F1E57C2-0547-4146-A83A-27870473595B}.Debug|Any CPU.ActiveCfg = Debug|Any CPU
		{1F1E57C2-0547-4146-A83A-27870473595B}.Debug|Any CPU.Build.0 = Debug|Any CPU
		{1F1E57C2-0547-4146-A83A-27870473595B}.Release|Any CPU.ActiveCfg = Release|Any CPU
		{1F1E57C2-0547-4146-A83A-27870473595B}.Release|Any CPU.Build.0 = Release|Any CPU
	EndGlobalSection
	GlobalSection(SolutionProperties) = preSolution
		HideSolutionNode = FALSE
	EndGlobalSection
	GlobalSection(ExtensibilityGlobals) = postSolution
		SolutionGuid = {CC153822-3310-48F8-B792-D7D1ADAE36C0}
	EndGlobalSection
EndGlobal
